
Microsoft Visual Studio Solution File, Format Version 12.00
# Visual Studio Version 17
VisualStudioVersion = 17.5.33530.505
MinimumVisualStudioVersion = 10.0.40219.1
Project("{FAE04EC0-301F-11D3-BF4B-00C04F79EFBC}") = "InvoiceTracker", "InvoiceTracker\InvoiceTracker.csproj", "{AC283F1A-8BE8-4B77-A16A-CB0C2B389F9D}"
EndProject
Global
	GlobalSection(SolutionConfigurationPlatforms) = preSolution
		Debug|Any CPU = Debug|Any CPU
		Release|Any CPU = Release|Any CPU
	EndGlobalSection
	GlobalSection(ProjectConfigurationPlatforms) = postSolution
		{AC283F1A-8BE8-4B77-A16A-CB0C2B389F9D}.Debug|Any CPU.ActiveCfg = Debug|Any CPU
		{AC283F1A-8BE8-4B77-A16A-CB0C2B389F9D}.Debug|Any CPU.Build.0 = Debug|Any CPU
		{AC283F1A-8BE8-4B77-A16A-CB0C2B389F9D}.Release|Any CPU.ActiveCfg = Release|Any CPU
		{AC283F1A-8BE8-4B77-A16A-CB0C2B389F9D}.Release|Any CPU.Build.0 = Release|Any CPU
	EndGlobalSection
	GlobalSection(SolutionProperties) = preSolution
		HideSolutionNode = FALSE
	EndGlobalSection
	GlobalSection(ExtensibilityGlobals) = postSolution
		SolutionGuid = {B7DD4F33-EC72-4107-BA27-64E39D6A00DB}
	EndGlobalSection
EndGlobal
